
Microsoft Visual Studio Solution File, Format Version 12.00
# Visual Studio Version 17
VisualStudioVersion = 17.2.32526.322
MinimumVisualStudioVersion = 10.0.40219.1
Project("{FAE04EC0-301F-11D3-BF4B-00C04F79EFBC}") = "ShootMoly", "ShootMoly\ShootMoly.csproj", "{947BE35F-2498-4658-BD9F-8BA39D540B31}"
EndProject
Global
	GlobalSection(SolutionConfigurationPlatforms) = preSolution
		Debug|Any CPU = Debug|Any CPU
		Release|Any CPU = Release|Any CPU
	EndGlobalSection
	GlobalSection(ProjectConfigurationPlatforms) = postSolution
		{947BE35F-2498-4658-BD9F-8BA39D540B31}.Debug|Any CPU.ActiveCfg = Debug|Any CPU
		{947BE35F-2498-4658-BD9F-8BA39D540B31}.Debug|Any CPU.Build.0 = Debug|Any CPU
		{947BE35F-2498-4658-BD9F-8BA39D540B31}.Release|Any CPU.ActiveCfg = Release|Any CPU
		{947BE35F-2498-4658-BD9F-8BA39D540B31}.Release|Any CPU.Build.0 = Release|Any CPU
	EndGlobalSection
	GlobalSection(SolutionProperties) = preSolution
		HideSolutionNode = FALSE
	EndGlobalSection
	GlobalSection(ExtensibilityGlobals) = postSolution
		SolutionGuid = {5B4DF94C-D62D-4983-B571-9EE6048A43DA}
	EndGlobalSection
EndGlobal
